{
    "api-platform/api-pack": {
        "version": "dev-master"
    },
    "api-platform/core": {
        "version": "2.5",
        "recipe": {
            "repo": "github.com/symfony/recipes",
            "branch": "master",
            "version": "2.5",
            "ref": "a93061567140e386f107be75340ac2aee3f86cbf"
        },
        "files": [
            "config/packages/api_platform.yaml",
            "config/routes/api_platform.yaml",
            "src/Entity/.gitignore"
        ]
    },
    "doctrine/annotations": {
        "version": "1.0",
        "recipe": {
            "repo": "github.com/symfony/recipes",
            "branch": "master",
            "version": "1.0",
            "ref": "cb4152ebcadbe620ea2261da1a1c5a9b8cea7672"
        },
        "files": [
            "config/routes/annotations.yaml"
        ]
    },
    "doctrine/cache": {
        "version": "1.9.x-dev"
    },
    "doctrine/collections": {
        "version": "1.6.x-dev"
    },
    "doctrine/common": {
        "version": "2.11.x-dev"
    },
    "doctrine/dbal": {
        "version": "2.10.x-dev"
    },
    "doctrine/doctrine-bundle": {
        "version": "1.6",
        "recipe": {
            "repo": "github.com/symfony/recipes",
            "branch": "master",
            "version": "1.6",
            "ref": "5e476e8edf3fa8e7f045ad034f89bb464424f5c1"
        },
        "files": [
            "config/packages/doctrine.yaml",
            "config/packages/prod/doctrine.yaml",
            "src/Entity/.gitignore",
            "src/Repository/.gitignore"
        ]
    },
    "doctrine/doctrine-migrations-bundle": {
        "version": "2.2",
        "recipe": {
            "repo": "github.com/symfony/recipes",
            "branch": "master",
            "version": "2.2",
            "ref": "baaa439e3e3179e69e3da84b671f0a3e4a2f56ad"
        },
        "files": [
            "config/packages/doctrine_migrations.yaml",
            "migrations/.gitignore"
        ]
    },
    "doctrine/event-manager": {
        "version": "1.0.x-dev"
    },
    "doctrine/inflector": {
        "version": "1.3.x-dev"
    },
    "doctrine/instantiator": {
        "version": "1.2.x-dev"
    },
    "doctrine/lexer": {
        "version": "1.2.x-dev"
    },
    "doctrine/migrations": {
        "version": "2.2.x-dev"
    },
    "doctrine/orm": {
        "version": "2.7.x-dev"
    },
    "doctrine/persistence": {
        "version": "1.2.x-dev"
    },
    "doctrine/reflection": {
        "version": "1.0.x-dev"
    },
    "doctrine/sql-formatter": {
        "version": "1.1.0"
    },
    "easycorp/easyadmin-bundle": {
        "version": "2.0",
        "recipe": {
            "repo": "github.com/symfony/recipes",
            "branch": "master",
            "version": "2.0",
            "ref": "0a51040a43c6f2172a3a0135cd15daf2043905d7"
        },
        "files": [
            "config/packages/easy_admin.yaml",
            "config/routes/easy_admin.yaml"
        ]
    },
    "egulias/email-validator": {
        "version": "2.1.x-dev"
    },
    "fig/link-util": {
        "version": "1.1.1"
    },
    "firebase/php-jwt": {
        "version": "v5.0.0"
    },
    "friendsofphp/proxy-manager-lts": {
        "version": "v1.0.1"
    },
    "google/apiclient": {
        "version": "2.0",
        "recipe": {
            "repo": "github.com/symfony/recipes-contrib",
            "branch": "master",
            "version": "2.0",
            "ref": "49c5d7a66d863d28513979bf0666dc77599100c0"
        },
        "files": [
            "config/packages/google_apiclient.yaml"
        ]
    },
    "google/apiclient-services": {
        "version": "v0.121"
    },
    "google/auth": {
        "version": "v1.6.1"
    },
    "guzzlehttp/guzzle": {
        "version": "6.5-dev"
    },
    "guzzlehttp/promises": {
        "version": "1.4-dev"
    },
    "guzzlehttp/psr7": {
        "version": "1.x-dev"
    },
    "kevinpapst/adminlte-bundle": {
        "version": "0.9",
        "recipe": {
            "repo": "github.com/symfony/recipes-contrib",
            "branch": "master",
            "version": "0.9",
            "ref": "dca6a91efc23d844326d2e90b47bdf48a5038fcf"
        },
        "files": [
            "config/packages/admin_lte.yaml"
        ]
    },
    "knplabs/knp-markdown-bundle": {
        "version": "1.8.1"
    },
    "knplabs/knp-menu": {
        "version": "3.2-dev"
    },
    "knplabs/knp-menu-bundle": {
        "version": "3.1.x-dev"
    },
    "knpuniversity/oauth2-client-bundle": {
        "version": "1.20",
        "recipe": {
            "repo": "github.com/symfony/recipes-contrib",
            "branch": "master",
            "version": "1.20",
            "ref": "80acc9223a205cbf5d9828fd616c82a374d281dd"
        },
        "files": [
            "config/packages/knpu_oauth2_client.yaml"
        ]
    },
    "laminas/laminas-code": {
        "version": "3.4.1"
    },
    "laminas/laminas-eventmanager": {
        "version": "3.2.1"
    },
    "laminas/laminas-zendframework-bridge": {
        "version": "1.1.x-dev"
    },
    "league/oauth2-client": {
        "version": "2.4.1"
    },
    "maennchen/zipstream-php": {
        "version": "2.1.0"
    },
    "markbaker/complex": {
        "version": "1.4.7"
    },
    "markbaker/matrix": {
        "version": "1.2.0"
    },
    "michelf/php-markdown": {
        "version": "1.9.0"
    },
    "mindscreen/yarnlock": {
        "version": "v1.0.1"
    },
    "monolog/monolog": {
        "version": "1.x-dev"
    },
    "myclabs/php-enum": {
        "version": "1.7.6"
    },
    "nelmio/cors-bundle": {
        "version": "1.5",
        "recipe": {
            "repo": "github.com/symfony/recipes",
            "branch": "master",
            "version": "1.5",
            "ref": "6388de23860284db9acce0a7a5d9d13153bcb571"
        },
        "files": [
            "config/packages/nelmio_cors.yaml"
        ]
    },
    "nikic/php-parser": {
        "version": "4.2-dev"
    },
    "ocramius/package-versions": {
        "version": "1.6.x-dev"
    },
    "ocramius/proxy-manager": {
        "version": "2.2.3"
    },
    "pagerfanta/pagerfanta": {
        "version": "v2.1.3"
    },
    "pclzip/pclzip": {
        "version": "2.8.2"
    },
    "php": {
        "version": "7.4"
    },
    "phpdocumentor/reflection-common": {
        "version": "2.x-dev"
    },
    "phpdocumentor/reflection-docblock": {
        "version": "4.3.2"
    },
    "phpdocumentor/type-resolver": {
        "version": "1.x-dev"
    },
    "phpoffice/common": {
        "version": "0.2.9"
    },
    "phpoffice/phpspreadsheet": {
        "version": "1.9.0"
    },
    "phpoffice/phpword": {
        "version": "dev-master"
    },
    "phpseclib/phpseclib": {
        "version": "2.0.x-dev"
    },
    "psr/cache": {
        "version": "1.0.x-dev"
    },
    "psr/container": {
        "version": "1.0.x-dev"
    },
    "psr/event-dispatcher": {
        "version": "1.0.x-dev"
    },
    "psr/http-client": {
        "version": "1.0.1"
    },
    "psr/http-factory": {
        "version": "1.0.1"
    },
    "psr/http-message": {
        "version": "1.0.x-dev"
    },
    "psr/link": {
        "version": "1.0.x-dev"
    },
    "psr/log": {
        "version": "1.1.x-dev"
    },
    "psr/simple-cache": {
        "version": "1.0.x-dev"
    },
    "ralouphie/getallheaders": {
        "version": "3.0.3"
    },
    "sensio/framework-extra-bundle": {
        "version": "5.2",
        "recipe": {
            "repo": "github.com/symfony/recipes",
            "branch": "master",
            "version": "5.2",
            "ref": "fb7e19da7f013d0d422fa9bce16f5c510e27609b"
        },
        "files": [
            "config/packages/sensio_framework_extra.yaml"
        ]
    },
    "survos/base-bundle": {
        "version": "1.x-dev"
    },
    "swiftmailer/swiftmailer": {
        "version": "6.2-dev"
    },
    "symfony/asset": {
        "version": "4.4.x-dev"
    },
    "symfony/browser-kit": {
        "version": "4.4.x-dev"
    },
    "symfony/cache": {
        "version": "4.4.x-dev"
    },
    "symfony/cache-contracts": {
        "version": "1.1-dev"
    },
    "symfony/config": {
        "version": "4.4.x-dev"
    },
    "symfony/console": {
        "version": "4.4",
        "recipe": {
            "repo": "github.com/symfony/recipes",
            "branch": "master",
            "version": "4.4",
            "ref": "59d8cc5a923274e552412fcd51e284bba02982de"
        },
        "files": [
            "bin/console",
            "config/bootstrap.php"
        ]
    },
    "symfony/css-selector": {
        "version": "4.4.x-dev"
    },
    "symfony/debug-bundle": {
        "version": "4.1",
        "recipe": {
            "repo": "github.com/symfony/recipes",
            "branch": "master",
            "version": "4.1",
            "ref": "f8863cbad2f2e58c4b65fa1eac892ab189971bea"
        },
        "files": [
            "config/packages/dev/debug.yaml"
        ]
    },
    "symfony/debug-pack": {
        "version": "dev-master"
    },
    "symfony/dependency-injection": {
        "version": "4.4.x-dev"
    },
    "symfony/deprecation-contracts": {
        "version": "2.1-dev"
    },
    "symfony/doctrine-bridge": {
        "version": "4.4.x-dev"
    },
    "symfony/dom-crawler": {
        "version": "4.4.x-dev"
    },
    "symfony/dotenv": {
        "version": "4.4.x-dev"
    },
    "symfony/error-handler": {
        "version": "4.4.x-dev"
    },
    "symfony/event-dispatcher": {
        "version": "4.4.x-dev"
    },
    "symfony/event-dispatcher-contracts": {
        "version": "1.1-dev"
    },
    "symfony/expression-language": {
        "version": "4.4.x-dev"
    },
    "symfony/filesystem": {
        "version": "4.4.x-dev"
    },
    "symfony/finder": {
        "version": "4.4.x-dev"
    },
    "symfony/flex": {
        "version": "1.0",
        "recipe": {
            "repo": "github.com/symfony/recipes",
            "branch": "master",
            "version": "1.0",
            "ref": "dc3fc2e0334a4137c47cfd5a3ececc601fa61a0b"
        },
        "files": [
            ".env"
        ]
    },
    "symfony/form": {
        "version": "4.4.x-dev"
    },
    "symfony/framework-bundle": {
        "version": "4.4",
        "recipe": {
            "repo": "github.com/symfony/recipes",
            "branch": "master",
            "version": "4.4",
            "ref": "519a60a1a79246242978342dfd166e880133ba8d"
        },
        "files": [
            "config/bootstrap.php",
            "config/packages/cache.yaml",
            "config/packages/framework.yaml",
            "config/packages/test/framework.yaml",
            "config/routes/dev/framework.yaml",
            "config/services.yaml",
            "public/index.php",
            "src/Controller/.gitignore",
            "src/Kernel.php"
        ]
    },
    "symfony/http-client": {
        "version": "4.4.x-dev"
    },
    "symfony/http-client-contracts": {
        "version": "1.1-dev"
    },
    "symfony/http-foundation": {
        "version": "4.4.x-dev"
    },
    "symfony/http-kernel": {
        "version": "4.4.x-dev"
    },
    "symfony/inflector": {
        "version": "4.4.x-dev"
    },
    "symfony/intl": {
        "version": "4.4.x-dev"
    },
    "symfony/mailer": {
        "version": "4.3",
        "recipe": {
            "repo": "github.com/symfony/recipes",
            "branch": "master",
            "version": "4.3",
            "ref": "15658c2a0176cda2e7dba66276a2030b52bd81b2"
        },
        "files": [
            "config/packages/mailer.yaml"
        ]
    },
    "symfony/maker-bundle": {
        "version": "1.0",
        "recipe": {
            "repo": "github.com/symfony/recipes",
            "branch": "master",
            "version": "1.0",
            "ref": "fadbfe33303a76e25cb63401050439aa9b1a9c7f"
        }
    },
    "symfony/mime": {
        "version": "4.4.x-dev"
    },
    "symfony/monolog-bridge": {
        "version": "4.4.x-dev"
    },
    "symfony/monolog-bundle": {
        "version": "3.3",
        "recipe": {
            "repo": "github.com/symfony/recipes",
            "branch": "master",
            "version": "3.3",
            "ref": "6240c6d43e8237a32452f057f81816820fd56ab6"
        },
        "files": [
            "config/packages/dev/monolog.yaml",
            "config/packages/prod/monolog.yaml",
            "config/packages/test/monolog.yaml"
        ]
    },
    "symfony/options-resolver": {
        "version": "4.4.x-dev"
    },
    "symfony/orm-pack": {
        "version": "dev-master"
    },
    "symfony/phpunit-bridge": {
        "version": "4.3",
        "recipe": {
            "repo": "github.com/symfony/recipes",
            "branch": "master",
            "version": "4.3",
            "ref": "b0582341f1df39aaf3a9a866cdbe49937da35984"
        },
        "files": [
            ".env.test",
            "bin/phpunit",
            "config/bootstrap.php",
            "phpunit.xml.dist",
            "tests/.gitignore"
        ]
    },
    "symfony/polyfill-intl-grapheme": {
        "version": "1.15-dev"
    },
    "symfony/polyfill-intl-icu": {
        "version": "1.12-dev"
    },
    "symfony/polyfill-intl-idn": {
        "version": "1.12-dev"
    },
    "symfony/polyfill-intl-normalizer": {
        "version": "1.15-dev"
    },
    "symfony/polyfill-mbstring": {
        "version": "1.12-dev"
    },
    "symfony/polyfill-php72": {
        "version": "1.12-dev"
    },
    "symfony/polyfill-php73": {
        "version": "1.12-dev"
    },
    "symfony/polyfill-php80": {
        "version": "1.15-dev"
    },
    "symfony/process": {
        "version": "4.4.x-dev"
    },
    "symfony/profiler-pack": {
        "version": "dev-master"
    },
    "symfony/property-access": {
        "version": "4.4.x-dev"
    },
    "symfony/property-info": {
        "version": "4.4.x-dev"
    },
    "symfony/proxy-manager-bridge": {
        "version": "v5.2.1"
    },
    "symfony/routing": {
        "version": "4.2",
        "recipe": {
            "repo": "github.com/symfony/recipes",
            "branch": "master",
            "version": "4.2",
            "ref": "4c107a8d23a16b997178fbd4103b8d2f54f688b7"
        },
        "files": [
            "config/packages/dev/routing.yaml",
            "config/packages/routing.yaml",
            "config/packages/test/routing.yaml",
            "config/routes.yaml"
        ]
    },
    "symfony/security-bundle": {
        "version": "4.4",
        "recipe": {
            "repo": "github.com/symfony/recipes",
            "branch": "master",
            "version": "4.4",
            "ref": "30efd98dd3b4ead6e9ad4713b1efc43bbe94bf77"
        },
        "files": [
            "config/packages/security.yaml"
        ]
    },
    "symfony/security-core": {
        "version": "4.4.x-dev"
    },
    "symfony/security-csrf": {
        "version": "4.4.x-dev"
    },
    "symfony/security-guard": {
        "version": "4.4.x-dev"
    },
    "symfony/security-http": {
        "version": "4.4.x-dev"
    },
    "symfony/serializer": {
        "version": "4.4.x-dev"
    },
    "symfony/serializer-pack": {
        "version": "dev-master"
    },
    "symfony/service-contracts": {
        "version": "1.1-dev"
    },
    "symfony/stopwatch": {
        "version": "4.4.x-dev"
    },
    "symfony/string": {
        "version": "5.1-dev"
    },
    "symfony/swiftmailer-bundle": {
        "version": "2.5",
        "recipe": {
            "repo": "github.com/symfony/recipes",
            "branch": "master",
            "version": "2.5",
            "ref": "429afc6c6778a1fdddb52a4f708cd94ff2c9960f"
        },
        "files": [
            "config/packages/dev/swiftmailer.yaml",
            "config/packages/swiftmailer.yaml",
            "config/packages/test/swiftmailer.yaml"
        ]
    },
    "symfony/test-pack": {
        "version": "dev-master"
    },
    "symfony/translation": {
        "version": "3.3",
        "recipe": {
            "repo": "github.com/symfony/recipes",
            "branch": "master",
            "version": "3.3",
            "ref": "2ad9d2545bce8ca1a863e50e92141f0b9d87ffcd"
        },
        "files": [
            "config/packages/translation.yaml",
            "translations/.gitignore"
        ]
    },
    "symfony/translation-contracts": {
        "version": "1.1-dev"
    },
    "symfony/twig-bridge": {
        "version": "4.4.x-dev"
    },
    "symfony/twig-bundle": {
        "version": "4.4",
        "recipe": {
            "repo": "github.com/symfony/recipes",
            "branch": "master",
            "version": "4.4",
            "ref": "2930240b0e8f972c874fde9c27c9531765bd2a3b"
        },
        "files": [
            "config/packages/twig.yaml",
            "config/routes/dev/twig.yaml",
            "templates/base.html.twig"
        ]
    },
    "symfony/validator": {
        "version": "4.3",
        "recipe": {
            "repo": "github.com/symfony/recipes",
            "branch": "master",
            "version": "4.3",
            "ref": "d902da3e4952f18d3bf05aab29512eb61cabd869"
        },
        "files": [
            "config/packages/test/validator.yaml",
            "config/packages/validator.yaml"
        ]
    },
    "symfony/var-dumper": {
        "version": "4.4.x-dev"
    },
    "symfony/var-exporter": {
        "version": "4.4.x-dev"
    },
    "symfony/web-link": {
        "version": "4.4.x-dev"
    },
    "symfony/web-profiler-bundle": {
        "version": "3.3",
        "recipe": {
            "repo": "github.com/symfony/recipes",
            "branch": "master",
            "version": "3.3",
            "ref": "6bdfa1a95f6b2e677ab985cd1af2eae35d62e0f6"
        },
        "files": [
            "config/packages/dev/web_profiler.yaml",
            "config/packages/test/web_profiler.yaml",
            "config/routes/dev/web_profiler.yaml"
        ]
    },
    "symfony/webpack-encore-bundle": {
        "version": "1.6",
        "recipe": {
            "repo": "github.com/symfony/recipes",
            "branch": "master",
            "version": "1.6",
            "ref": "69e1d805ad95964088bd510c05995e87dc391564"
        },
        "files": [
            "assets/css/app.css",
            "assets/js/app.js",
            "config/packages/assets.yaml",
            "config/packages/prod/webpack_encore.yaml",
            "config/packages/test/webpack_encore.yaml",
            "config/packages/webpack_encore.yaml",
            "package.json",
            "webpack.config.js"
        ]
    },
    "symfony/yaml": {
        "version": "4.4.x-dev"
    },
    "twig/extra-bundle": {
        "version": "3.x-dev"
    },
    "twig/string-extra": {
        "version": "v3.0.3"
    },
    "twig/twig": {
        "version": "3.x-dev"
    },
    "webimpress/safe-writer": {
        "version": "2.1.x-dev"
    },
    "webmozart/assert": {
        "version": "1.5.0"
    },
    "willdurand/negotiation": {
        "version": "2.x-dev"
    },
    "yectep/phpspreadsheet-bundle": {
        "version": "dev-master"
    },
    "zendframework/zend-code": {
        "version": "3.5.x-dev"
    },
    "zendframework/zend-escaper": {
        "version": "2.7.x-dev"
    },
    "zendframework/zend-eventmanager": {
        "version": "3.3-dev"
    }
}
